
Microsoft Visual Studio Solution File, Format Version 12.00
# Visual Studio Version 16
VisualStudioVersion = 16.0.29424.173
MinimumVisualStudioVersion = 10.0.40219.1
Project("{9A19103F-16F7-4668-BE54-9A1E7A4F7556}") = "RoosterBot", "RoosterBot\RoosterBot.csproj", "{63D120EC-21E7-4FC0-8B5C-75895690BA37}"
EndProject
Project("{9A19103F-16F7-4668-BE54-9A1E7A4F7556}") = "AppStart", "AppStart\AppStart.csproj", "{2D4A6706-23B3-47D4-ABD6-2B291B1CCA80}"
EndProject
Project("{9A19103F-16F7-4668-BE54-9A1E7A4F7556}") = "AppStop", "AppStop\AppStop.csproj", "{6FEA603A-BC8D-4E84-AED3-07B090245B50}"
EndProject
Project("{9A19103F-16F7-4668-BE54-9A1E7A4F7556}") = "RoosterBot.AWS", "RoosterBot.AWS\RoosterBot.AWS.csproj", "{3C11A35D-2372-40FD-A9B3-3C4F3ACEAC87}"
	ProjectSection(ProjectDependencies) = postProject
		{63D120EC-21E7-4FC0-8B5C-75895690BA37} = {63D120EC-21E7-4FC0-8B5C-75895690BA37}
	EndProjectSection
EndProject
Project("{9A19103F-16F7-4668-BE54-9A1E7A4F7556}") = "RoosterBot.DateTimeUtils", "RoosterBot.DateTimeUtils\RoosterBot.DateTimeUtils.csproj", "{7BD87AB2-4DE7-48FE-89BF-2419E46FA027}"
	ProjectSection(ProjectDependencies) = postProject
		{63D120EC-21E7-4FC0-8B5C-75895690BA37} = {63D120EC-21E7-4FC0-8B5C-75895690BA37}
	EndProjectSection
EndProject
Project("{9A19103F-16F7-4668-BE54-9A1E7A4F7556}") = "RoosterBot.Meta", "RoosterBot.Meta\RoosterBot.Meta.csproj", "{AFA915D6-EC45-42BC-88FD-12929305399F}"
	ProjectSection(ProjectDependencies) = postProject
		{63D120EC-21E7-4FC0-8B5C-75895690BA37} = {63D120EC-21E7-4FC0-8B5C-75895690BA37}
	EndProjectSection
EndProject
Project("{9A19103F-16F7-4668-BE54-9A1E7A4F7556}") = "RoosterBot.PublicTransit", "RoosterBot.PublicTransit\RoosterBot.PublicTransit.csproj", "{25DFE51F-5803-4BA0-A326-8D5F8EA14264}"
	ProjectSection(ProjectDependencies) = postProject
		{63D120EC-21E7-4FC0-8B5C-75895690BA37} = {63D120EC-21E7-4FC0-8B5C-75895690BA37}
	EndProjectSection
EndProject
Project("{9A19103F-16F7-4668-BE54-9A1E7A4F7556}") = "RoosterBot.Schedule", "RoosterBot.Schedule\RoosterBot.Schedule.csproj", "{32AF9309-CE53-473B-9FB3-A9B2541E5633}"
	ProjectSection(ProjectDependencies) = postProject
		{7BD87AB2-4DE7-48FE-89BF-2419E46FA027} = {7BD87AB2-4DE7-48FE-89BF-2419E46FA027}
	EndProjectSection
EndProject
Project("{9A19103F-16F7-4668-BE54-9A1E7A4F7556}") = "RoosterBot.GLU", "RoosterBot.GLU\RoosterBot.GLU.csproj", "{B85E1D8C-A4EF-4B3D-90ED-9E647DC96C6E}"
	ProjectSection(ProjectDependencies) = postProject
		{32AF9309-CE53-473B-9FB3-A9B2541E5633} = {32AF9309-CE53-473B-9FB3-A9B2541E5633}
	EndProjectSection
EndProject
Project("{9A19103F-16F7-4668-BE54-9A1E7A4F7556}") = "RoosterBot.Weather", "RoosterBot.Weather\RoosterBot.Weather.csproj", "{D93F1D7C-D77F-4015-8FF0-5B29442712E6}"
	ProjectSection(ProjectDependencies) = postProject
		{7BD87AB2-4DE7-48FE-89BF-2419E46FA027} = {7BD87AB2-4DE7-48FE-89BF-2419E46FA027}
	EndProjectSection
EndProject
Project("{9A19103F-16F7-4668-BE54-9A1E7A4F7556}") = "RoosterBot.Tests", "RoosterBot.Tests\RoosterBot.Tests.csproj", "{561157ED-DEED-407E-AA09-B80968598292}"
EndProject
Project("{2150E333-8FDC-42A3-9474-1A3956D46DE8}") = "Solution Items", "Solution Items", "{5D1489DF-30E1-4470-B5BB-06B366B123C7}"
	ProjectSection(SolutionItems) = preProject
		.editorconfig = .editorconfig
		appspec.yml = appspec.yml
		LICENSE = LICENSE
		README.md = README.md
	EndProjectSection
EndProject
Project("{9A19103F-16F7-4668-BE54-9A1E7A4F7556}") = "RoosterBot.Tools", "RoosterBot.Tools\RoosterBot.Tools.csproj", "{8240830B-E7AD-4931-9B92-ECDF27D90F6D}"
EndProject
Project("{9A19103F-16F7-4668-BE54-9A1E7A4F7556}") = "RoosterBot.Statistics", "RoosterBot.Statistics\RoosterBot.Statistics.csproj", "{E73A393D-0A24-447F-A7A7-C77AECA702D0}"
EndProject
Project("{9A19103F-16F7-4668-BE54-9A1E7A4F7556}") = "RoosterBot.Console", "RoosterBot.Console\RoosterBot.Console.csproj", "{10E77E4D-C0FD-4A0B-87C1-72EAF3367E58}"
EndProject
Project("{9A19103F-16F7-4668-BE54-9A1E7A4F7556}") = "RoosterBot.Console.App", "RoosterBot.Console.App\RoosterBot.Console.App.csproj", "{E53983B2-52F6-4080-BAFC-796E115044C0}"
EndProject
Project("{FAE04EC0-301F-11D3-BF4B-00C04F79EFBC}") = "RoosterBot.DiscordNet", "RoosterBot.DiscordNet\RoosterBot.DiscordNet.csproj", "{3BC3C417-6014-4F6D-A161-B0D7A25C7360}"
EndProject
Global
	GlobalSection(SolutionConfigurationPlatforms) = preSolution
		Debug|Any CPU = Debug|Any CPU
		Release|Any CPU = Release|Any CPU
	EndGlobalSection
	GlobalSection(ProjectConfigurationPlatforms) = postSolution
		{63D120EC-21E7-4FC0-8B5C-75895690BA37}.Debug|Any CPU.ActiveCfg = Debug|Any CPU
		{63D120EC-21E7-4FC0-8B5C-75895690BA37}.Debug|Any CPU.Build.0 = Debug|Any CPU
		{63D120EC-21E7-4FC0-8B5C-75895690BA37}.Release|Any CPU.ActiveCfg = Release|Any CPU
		{63D120EC-21E7-4FC0-8B5C-75895690BA37}.Release|Any CPU.Build.0 = Release|Any CPU
		{2D4A6706-23B3-47D4-ABD6-2B291B1CCA80}.Debug|Any CPU.ActiveCfg = Debug|Any CPU
		{2D4A6706-23B3-47D4-ABD6-2B291B1CCA80}.Debug|Any CPU.Build.0 = Debug|Any CPU
		{2D4A6706-23B3-47D4-ABD6-2B291B1CCA80}.Release|Any CPU.ActiveCfg = Release|Any CPU
		{2D4A6706-23B3-47D4-ABD6-2B291B1CCA80}.Release|Any CPU.Build.0 = Release|Any CPU
		{6FEA603A-BC8D-4E84-AED3-07B090245B50}.Debug|Any CPU.ActiveCfg = Debug|Any CPU
		{6FEA603A-BC8D-4E84-AED3-07B090245B50}.Debug|Any CPU.Build.0 = Debug|Any CPU
		{6FEA603A-BC8D-4E84-AED3-07B090245B50}.Release|Any CPU.ActiveCfg = Release|Any CPU
		{6FEA603A-BC8D-4E84-AED3-07B090245B50}.Release|Any CPU.Build.0 = Release|Any CPU
		{3C11A35D-2372-40FD-A9B3-3C4F3ACEAC87}.Debug|Any CPU.ActiveCfg = Debug|Any CPU
		{3C11A35D-2372-40FD-A9B3-3C4F3ACEAC87}.Debug|Any CPU.Build.0 = Debug|Any CPU
		{3C11A35D-2372-40FD-A9B3-3C4F3ACEAC87}.Release|Any CPU.ActiveCfg = Release|Any CPU
		{3C11A35D-2372-40FD-A9B3-3C4F3ACEAC87}.Release|Any CPU.Build.0 = Release|Any CPU
		{7BD87AB2-4DE7-48FE-89BF-2419E46FA027}.Debug|Any CPU.ActiveCfg = Debug|Any CPU
		{7BD87AB2-4DE7-48FE-89BF-2419E46FA027}.Debug|Any CPU.Build.0 = Debug|Any CPU
		{7BD87AB2-4DE7-48FE-89BF-2419E46FA027}.Release|Any CPU.ActiveCfg = Release|Any CPU
		{7BD87AB2-4DE7-48FE-89BF-2419E46FA027}.Release|Any CPU.Build.0 = Release|Any CPU
		{AFA915D6-EC45-42BC-88FD-12929305399F}.Debug|Any CPU.ActiveCfg = Debug|Any CPU
		{AFA915D6-EC45-42BC-88FD-12929305399F}.Debug|Any CPU.Build.0 = Debug|Any CPU
		{AFA915D6-EC45-42BC-88FD-12929305399F}.Release|Any CPU.ActiveCfg = Release|Any CPU
		{AFA915D6-EC45-42BC-88FD-12929305399F}.Release|Any CPU.Build.0 = Release|Any CPU
		{25DFE51F-5803-4BA0-A326-8D5F8EA14264}.Debug|Any CPU.ActiveCfg = Debug|Any CPU
		{25DFE51F-5803-4BA0-A326-8D5F8EA14264}.Debug|Any CPU.Build.0 = Debug|Any CPU
		{25DFE51F-5803-4BA0-A326-8D5F8EA14264}.Release|Any CPU.ActiveCfg = Release|Any CPU
		{25DFE51F-5803-4BA0-A326-8D5F8EA14264}.Release|Any CPU.Build.0 = Release|Any CPU
		{32AF9309-CE53-473B-9FB3-A9B2541E5633}.Debug|Any CPU.ActiveCfg = Debug|Any CPU
		{32AF9309-CE53-473B-9FB3-A9B2541E5633}.Debug|Any CPU.Build.0 = Debug|Any CPU
		{32AF9309-CE53-473B-9FB3-A9B2541E5633}.Release|Any CPU.ActiveCfg = Release|Any CPU
		{32AF9309-CE53-473B-9FB3-A9B2541E5633}.Release|Any CPU.Build.0 = Release|Any CPU
		{B85E1D8C-A4EF-4B3D-90ED-9E647DC96C6E}.Debug|Any CPU.ActiveCfg = Debug|Any CPU
		{B85E1D8C-A4EF-4B3D-90ED-9E647DC96C6E}.Debug|Any CPU.Build.0 = Debug|Any CPU
		{B85E1D8C-A4EF-4B3D-90ED-9E647DC96C6E}.Release|Any CPU.ActiveCfg = Release|Any CPU
		{B85E1D8C-A4EF-4B3D-90ED-9E647DC96C6E}.Release|Any CPU.Build.0 = Release|Any CPU
		{D93F1D7C-D77F-4015-8FF0-5B29442712E6}.Debug|Any CPU.ActiveCfg = Debug|Any CPU
		{D93F1D7C-D77F-4015-8FF0-5B29442712E6}.Debug|Any CPU.Build.0 = Debug|Any CPU
		{D93F1D7C-D77F-4015-8FF0-5B29442712E6}.Release|Any CPU.ActiveCfg = Release|Any CPU
		{D93F1D7C-D77F-4015-8FF0-5B29442712E6}.Release|Any CPU.Build.0 = Release|Any CPU
		{561157ED-DEED-407E-AA09-B80968598292}.Debug|Any CPU.ActiveCfg = Debug|Any CPU
		{561157ED-DEED-407E-AA09-B80968598292}.Debug|Any CPU.Build.0 = Debug|Any CPU
		{561157ED-DEED-407E-AA09-B80968598292}.Release|Any CPU.ActiveCfg = Release|Any CPU
		{561157ED-DEED-407E-AA09-B80968598292}.Release|Any CPU.Build.0 = Release|Any CPU
		{8240830B-E7AD-4931-9B92-ECDF27D90F6D}.Debug|Any CPU.ActiveCfg = Debug|Any CPU
		{8240830B-E7AD-4931-9B92-ECDF27D90F6D}.Debug|Any CPU.Build.0 = Debug|Any CPU
		{8240830B-E7AD-4931-9B92-ECDF27D90F6D}.Release|Any CPU.ActiveCfg = Release|Any CPU
		{8240830B-E7AD-4931-9B92-ECDF27D90F6D}.Release|Any CPU.Build.0 = Release|Any CPU
		{E73A393D-0A24-447F-A7A7-C77AECA702D0}.Debug|Any CPU.ActiveCfg = Debug|Any CPU
		{E73A393D-0A24-447F-A7A7-C77AECA702D0}.Debug|Any CPU.Build.0 = Debug|Any CPU
		{E73A393D-0A24-447F-A7A7-C77AECA702D0}.Release|Any CPU.ActiveCfg = Release|Any CPU
		{E73A393D-0A24-447F-A7A7-C77AECA702D0}.Release|Any CPU.Build.0 = Release|Any CPU
		{10E77E4D-C0FD-4A0B-87C1-72EAF3367E58}.Debug|Any CPU.ActiveCfg = Debug|Any CPU
		{10E77E4D-C0FD-4A0B-87C1-72EAF3367E58}.Debug|Any CPU.Build.0 = Debug|Any CPU
		{10E77E4D-C0FD-4A0B-87C1-72EAF3367E58}.Release|Any CPU.ActiveCfg = Release|Any CPU
		{10E77E4D-C0FD-4A0B-87C1-72EAF3367E58}.Release|Any CPU.Build.0 = Release|Any CPU
		{E53983B2-52F6-4080-BAFC-796E115044C0}.Debug|Any CPU.ActiveCfg = Debug|Any CPU
		{E53983B2-52F6-4080-BAFC-796E115044C0}.Debug|Any CPU.Build.0 = Debug|Any CPU
		{E53983B2-52F6-4080-BAFC-796E115044C0}.Release|Any CPU.ActiveCfg = Release|Any CPU
		{E53983B2-52F6-4080-BAFC-796E115044C0}.Release|Any CPU.Build.0 = Release|Any CPU
		{3BC3C417-6014-4F6D-A161-B0D7A25C7360}.Debug|Any CPU.ActiveCfg = Debug|Any CPU
		{3BC3C417-6014-4F6D-A161-B0D7A25C7360}.Debug|Any CPU.Build.0 = Debug|Any CPU
		{3BC3C417-6014-4F6D-A161-B0D7A25C7360}.Release|Any CPU.ActiveCfg = Release|Any CPU
		{3BC3C417-6014-4F6D-A161-B0D7A25C7360}.Release|Any CPU.Build.0 = Release|Any CPU
	EndGlobalSection
	GlobalSection(SolutionProperties) = preSolution
		HideSolutionNode = FALSE
	EndGlobalSection
	GlobalSection(ExtensibilityGlobals) = postSolution
		SolutionGuid = {4C69EC1C-4795-44DF-93AA-03CDAE7A90EB}
	EndGlobalSection
EndGlobal
