
Microsoft Visual Studio Solution File, Format Version 12.00
# Visual Studio 15
VisualStudioVersion = 15.0.28010.2036
MinimumVisualStudioVersion = 10.0.40219.1
Project("{9A19103F-16F7-4668-BE54-9A1E7A4F7556}") = "RoosterBot", "RoosterBot\RoosterBot.csproj", "{531C343B-F91D-477A-AE27-55C4EA0BF085}"
EndProject
Global
	GlobalSection(SolutionConfigurationPlatforms) = preSolution
		Debug|Any CPU = Debug|Any CPU
		Release|Any CPU = Release|Any CPU
	EndGlobalSection
	GlobalSection(ProjectConfigurationPlatforms) = postSolution
		{531C343B-F91D-477A-AE27-55C4EA0BF085}.Debug|Any CPU.ActiveCfg = Debug|Any CPU
		{531C343B-F91D-477A-AE27-55C4EA0BF085}.Debug|Any CPU.Build.0 = Debug|Any CPU
		{531C343B-F91D-477A-AE27-55C4EA0BF085}.Release|Any CPU.ActiveCfg = Release|Any CPU
		{531C343B-F91D-477A-AE27-55C4EA0BF085}.Release|Any CPU.Build.0 = Release|Any CPU
	EndGlobalSection
	GlobalSection(SolutionProperties) = preSolution
		HideSolutionNode = FALSE
	EndGlobalSection
	GlobalSection(ExtensibilityGlobals) = postSolution
		SolutionGuid = {0FCA0353-B9C5-4DD4-AB9F-8356420463F2}
	EndGlobalSection
EndGlobal
